{
    "_meta": {
        "hash": {
            "sha256": "cb6578b183f535e2a26b6f71a3113bce562eff6df660217824c02f8b218a2310"
        },
        "pipfile-spec": 6,
        "requires": {
            "python_version": "3.8"
        },
        "sources": [
            {
                "name": "pypi",
                "url": "https://pypi.org/simple",
                "verify_ssl": true
            }
        ]
    },
    "default": {
        "aiofiles": {
            "hashes": [
                "sha256:377fdf7815cc611870c59cbd07b68b180841d2a2b79812d8c218be02448c2acb",
                "sha256:98e6bcfd1b50f97db4980e182ddd509b7cc35909e903a8fe50d8849e02d815af"
            ],
            "index": "pypi",
            "version": "==0.5.0"
        },
        "beautifulsoup4": {
            "hashes": [
                "sha256:73cc4d115b96f79c7d77c1c7f7a0a8d4c57860d1041df407dd1aae7f07a77fd7",
                "sha256:a6237df3c32ccfaee4fd201c8f5f9d9df619b93121d01353a64a73ce8c6ef9a8",
                "sha256:e718f2342e2e099b640a34ab782407b7b676f47ee272d6739e60b8ea23829f2c"
            ],
            "index": "pypi",
            "version": "==4.9.1"
        },
        "dnspython": {
            "hashes": [
                "sha256:36c5e8e38d4369a08b6780b7f27d790a292b2b08eea01607865bf0936c558e01",
                "sha256:f69c21288a962f4da86e56c4905b49d11aba7938d3d740e80d9e366ee4f1632d"
            ],
            "version": "==1.16.0"
        },
        "email-validator": {
            "hashes": [
                "sha256:5f246ae8d81ce3000eade06595b7bb55a4cf350d559e890182a1466a21f25067",
                "sha256:63094045c3e802c3d3d575b18b004a531c36243ca8d1cec785ff6bfcb04185bb"
            ],
            "index": "pypi",
            "version": "==1.1.1"
        },
        "fastapi": {
            "hashes": [
                "sha256:92e59b77eef7d6eaa80b16d275adda06b5f33b12d777e3fc5521b2f7f4718e13",
                "sha256:d7499761d5ca901cdf5b6b73018d14729593f8ab1ea22d241f82fa574fc406ad"
            ],
            "index": "pypi",
            "version": "==0.58.1"
        },
        "idna": {
            "hashes": [
                "sha256:b307872f855b18632ce0c21c5e45be78c0ea7ae4c15c828c20788b26921eb3f6",
                "sha256:b97d804b1e9b523befed77c48dacec60e6dcb0b5391d57af6a65a312a90648c0"
            ],
            "version": "==2.10"
        },
        "itsdangerous": {
            "hashes": [
                "sha256:321b033d07f2a4136d3ec762eac9f16a10ccd60f53c0c91af90217ace7ba1f19",
                "sha256:b12271b2047cb23eeb98c8b5622e2e5c5e9abd9784a153e9d8ef9cb4dd09d749"
            ],
            "index": "pypi",
            "version": "==1.1.0"
        },
        "mysqlclient": {
            "hashes": [
                "sha256:3f39855a4ad22805361e782cc4d1010ac74796225fa2d1c03cc16673ccdc983a",
                "sha256:a6b5648f648b16335e3b1aaec93dc3fcc81a9a661180e306936437cc522c810b",
                "sha256:edd42ccaa444b00702d5374b2f5f7585c9d0ce201917f15339f1c3cf91c1b1ed",
                "sha256:fb2f75aea14722390d2d8ddf384ad99da708c707a96656210a7be8af20a2c5e5"
            ],
            "index": "pypi",
            "version": "==2.0.1"
        },
        "numpy": {
            "hashes": [
                "sha256:13af0184177469192d80db9bd02619f6fa8b922f9f327e077d6f2a6acb1ce1c0",
                "sha256:26a45798ca2a4e168d00de75d4a524abf5907949231512f372b217ede3429e98",
                "sha256:26f509450db547e4dfa3ec739419b31edad646d21fb8d0ed0734188b35ff6b27",
                "sha256:30a59fb41bb6b8c465ab50d60a1b298d1cd7b85274e71f38af5a75d6c475d2d2",
                "sha256:33c623ef9ca5e19e05991f127c1be5aeb1ab5cdf30cb1c5cf3960752e58b599b",
                "sha256:356f96c9fbec59974a592452ab6a036cd6f180822a60b529a975c9467fcd5f23",
                "sha256:3c40c827d36c6d1c3cf413694d7dc843d50997ebffbc7c87d888a203ed6403a7",
                "sha256:4d054f013a1983551254e2379385e359884e5af105e3efe00418977d02f634a7",
                "sha256:63d971bb211ad3ca37b2adecdd5365f40f3b741a455beecba70fd0dde8b2a4cb",
                "sha256:658624a11f6e1c252b2cd170d94bf28c8f9410acab9f2fd4369e11e1cd4e1aaf",
                "sha256:76766cc80d6128750075378d3bb7812cf146415bd29b588616f72c943c00d598",
                "sha256:7b57f26e5e6ee2f14f960db46bd58ffdca25ca06dd997729b1b179fddd35f5a3",
                "sha256:7b852817800eb02e109ae4a9cef2beda8dd50d98b76b6cfb7b5c0099d27b52d4",
                "sha256:8cde829f14bd38f6da7b2954be0f2837043e8b8d7a9110ec5e318ae6bf706610",
                "sha256:a2e3a39f43f0ce95204beb8fe0831199542ccab1e0c6e486a0b4947256215632",
                "sha256:a86c962e211f37edd61d6e11bb4df7eddc4a519a38a856e20a6498c319efa6b0",
                "sha256:a8705c5073fe3fcc297fb8e0b31aa794e05af6a329e81b7ca4ffecab7f2b95ef",
                "sha256:b6aaeadf1e4866ca0fdf7bb4eed25e521ae21a7947c59f78154b24fc7abbe1dd",
                "sha256:be62aeff8f2f054eff7725f502f6228298891fd648dc2630e03e44bf63e8cee0",
                "sha256:c2edbb783c841e36ca0fa159f0ae97a88ce8137fb3a6cd82eae77349ba4b607b",
                "sha256:cbe326f6d364375a8e5a8ccb7e9cd73f4b2f6dc3b2ed205633a0db8243e2a96a",
                "sha256:d34fbb98ad0d6b563b95de852a284074514331e6b9da0a9fc894fb1cdae7a79e",
                "sha256:d97a86937cf9970453c3b62abb55a6475f173347b4cde7f8dcdb48c8e1b9952d",
                "sha256:dd53d7c4a69e766e4900f29db5872f5824a06827d594427cf1a4aa542818b796",
                "sha256:df1889701e2dfd8ba4dc9b1a010f0a60950077fb5242bb92c8b5c7f1a6f2668a",
                "sha256:fa1fe75b4a9e18b66ae7f0b122543c42debcf800aaafa0212aaff3ad273c2596"
            ],
            "version": "==1.19.0"
        },
        "pandas": {
            "hashes": [
                "sha256:02f1e8f71cd994ed7fcb9a35b6ddddeb4314822a0e09a9c5b2d278f8cb5d4096",
                "sha256:13f75fb18486759da3ff40f5345d9dd20e7d78f2a39c5884d013456cec9876f0",
                "sha256:35b670b0abcfed7cad76f2834041dcf7ae47fd9b22b63622d67cdc933d79f453",
                "sha256:4c73f373b0800eb3062ffd13d4a7a2a6d522792fa6eb204d67a4fad0a40f03dc",
                "sha256:5759edf0b686b6f25a5d4a447ea588983a33afc8a0081a0954184a4a87fd0dd7",
                "sha256:5a7cf6044467c1356b2b49ef69e50bf4d231e773c3ca0558807cdba56b76820b",
                "sha256:69c5d920a0b2a9838e677f78f4dde506b95ea8e4d30da25859db6469ded84fa8",
                "sha256:8778a5cc5a8437a561e3276b85367412e10ae9fff07db1eed986e427d9a674f8",
                "sha256:9871ef5ee17f388f1cb35f76dc6106d40cb8165c562d573470672f4cdefa59ef",
                "sha256:9c31d52f1a7dd2bb4681d9f62646c7aa554f19e8e9addc17e8b1b20011d7522d",
                "sha256:ab8173a8efe5418bbe50e43f321994ac6673afc5c7c4839014cf6401bbdd0705",
                "sha256:ae961f1f0e270f1e4e2273f6a539b2ea33248e0e3a11ffb479d757918a5e03a9",
                "sha256:b3c4f93fcb6e97d993bf87cdd917883b7dab7d20c627699f360a8fb49e9e0b91",
                "sha256:c9410ce8a3dee77653bc0684cfa1535a7f9c291663bd7ad79e39f5ab58f67ab3",
                "sha256:f69e0f7b7c09f1f612b1f8f59e2df72faa8a6b41c5a436dde5b615aaf948f107",
                "sha256:faa42a78d1350b02a7d2f0dbe3c80791cf785663d6997891549d0f86dc49125e"
            ],
            "index": "pypi",
            "version": "==1.0.5"
        },
        "pillow": {
            "hashes": [
                "sha256:0295442429645fa16d05bd567ef5cff178482439c9aad0411d3f0ce9b88b3a6f",
                "sha256:06aba4169e78c439d528fdeb34762c3b61a70813527a2c57f0540541e9f433a8",
                "sha256:09d7f9e64289cb40c2c8d7ad674b2ed6105f55dc3b09aa8e4918e20a0311e7ad",
                "sha256:0a80dd307a5d8440b0a08bd7b81617e04d870e40a3e46a32d9c246e54705e86f",
                "sha256:1ca594126d3c4def54babee699c055a913efb01e106c309fa6b04405d474d5ae",
                "sha256:25930fadde8019f374400f7986e8404c8b781ce519da27792cbe46eabec00c4d",
                "sha256:431b15cffbf949e89df2f7b48528be18b78bfa5177cb3036284a5508159492b5",
                "sha256:52125833b070791fcb5710fabc640fc1df07d087fc0c0f02d3661f76c23c5b8b",
                "sha256:5e51ee2b8114def244384eda1c82b10e307ad9778dac5c83fb0943775a653cd8",
                "sha256:612cfda94e9c8346f239bf1a4b082fdd5c8143cf82d685ba2dba76e7adeeb233",
                "sha256:6d7741e65835716ceea0fd13a7d0192961212fd59e741a46bbed7a473c634ed6",
                "sha256:6edb5446f44d901e8683ffb25ebdfc26988ee813da3bf91e12252b57ac163727",
                "sha256:725aa6cfc66ce2857d585f06e9519a1cc0ef6d13f186ff3447ab6dff0a09bc7f",
                "sha256:8dad18b69f710bf3a001d2bf3afab7c432785d94fcf819c16b5207b1cfd17d38",
                "sha256:94cf49723928eb6070a892cb39d6c156f7b5a2db4e8971cb958f7b6b104fb4c4",
                "sha256:97f9e7953a77d5a70f49b9a48da7776dc51e9b738151b22dacf101641594a626",
                "sha256:9ad7f865eebde135d526bb3163d0b23ffff365cf87e767c649550964ad72785d",
                "sha256:a060cf8aa332052df2158e5a119303965be92c3da6f2d93b6878f0ebca80b2f6",
                "sha256:c79f9c5fb846285f943aafeafda3358992d64f0ef58566e23484132ecd8d7d63",
                "sha256:c92302a33138409e8f1ad16731568c55c9053eee71bb05b6b744067e1b62380f",
                "sha256:d08b23fdb388c0715990cbc06866db554e1822c4bdcf6d4166cf30ac82df8c41",
                "sha256:d350f0f2c2421e65fbc62690f26b59b0bcda1b614beb318c81e38647e0f673a1",
                "sha256:ec29604081f10f16a7aea809ad42e27764188fc258b02259a03a8ff7ded3808d",
                "sha256:edf31f1150778abd4322444c393ab9c7bd2af271dd4dafb4208fb613b1f3cdc9",
                "sha256:f7e30c27477dffc3e85c2463b3e649f751789e0f6c8456099eea7ddd53be4a8a",
                "sha256:ffe538682dc19cc542ae7c3e504fdf54ca7f86fb8a135e59dd6bc8627eae6cce"
            ],
            "version": "==7.2.0"
        },
        "pydantic": {
            "hashes": [
                "sha256:0a1cdf24e567d42dc762d3fed399bd211a13db2e8462af9dfa93b34c41648efb",
                "sha256:2007eb062ed0e57875ce8ead12760a6e44bf5836e6a1a7ea81d71eeecf3ede0f",
                "sha256:20a15a303ce1e4d831b4e79c17a4a29cb6740b12524f5bba3ea363bff65732bc",
                "sha256:2a6904e9f18dea58f76f16b95cba6a2f20b72d787abd84ecd67ebc526e61dce6",
                "sha256:3714a4056f5bdbecf3a41e0706ec9b228c9513eee2ad884dc2c568c4dfa540e9",
                "sha256:473101121b1bd454c8effc9fe66d54812fdc128184d9015c5aaa0d4e58a6d338",
                "sha256:68dece67bff2b3a5cc188258e46b49f676a722304f1c6148ae08e9291e284d98",
                "sha256:70f27d2f0268f490fe3de0a9b6fca7b7492b8fd6623f9fecd25b221ebee385e3",
                "sha256:8433dbb87246c0f562af75d00fa80155b74e4f6924b0db6a2078a3cd2f11c6c4",
                "sha256:8be325fc9da897029ee48d1b5e40df817d97fe969f3ac3fd2434ba7e198c55d5",
                "sha256:93b9f265329d9827f39f0fca68f5d72cc8321881cdc519a1304fa73b9f8a75bd",
                "sha256:9be755919258d5d168aeffbe913ed6e8bd562e018df7724b68cabdee3371e331",
                "sha256:ab863853cb502480b118187d670f753be65ec144e1654924bec33d63bc8b3ce2",
                "sha256:b96ce81c4b5ca62ab81181212edfd057beaa41411cd9700fbcb48a6ba6564b4e",
                "sha256:da8099fca5ee339d5572cfa8af12cf0856ae993406f0b1eb9bb38c8a660e7416",
                "sha256:e2c753d355126ddd1eefeb167fa61c7037ecd30b98e7ebecdc0d1da463b4ea09",
                "sha256:f0018613c7a0d19df3240c2a913849786f21b6539b9f23d85ce4067489dfacfa"
            ],
            "version": "==1.5.1"
        },
        "python-dateutil": {
            "hashes": [
                "sha256:73ebfe9dbf22e832286dafa60473e4cd239f8592f699aa5adaf10050e6e1823c",
                "sha256:75bb3f31ea686f1197762692a9ee6a7550b59fc6ca3a1f4b5d7e32fb98e2da2a"
            ],
            "version": "==2.8.1"
        },
        "pytz": {
            "hashes": [
                "sha256:a494d53b6d39c3c6e44c3bec237336e14305e4f29bbf800b599253057fbb79ed",
                "sha256:c35965d010ce31b23eeb663ed3cc8c906275d6be1a34393a1d73a41febf4a048"
            ],
            "version": "==2020.1"
        },
        "reportlab": {
            "hashes": [
                "sha256:0f0c2d98e213d51ae527c0301364d3376cb05f6c47251368a9abd4c3197fcefa",
                "sha256:1425c7ea60b8691a881ae21ea0f6907a1dc480d84204ccbfea6da41fbee8f594",
                "sha256:204f1d245875ab3d076b37c1a18ac8d2e3222842e13cfa282bcd95282be239e5",
                "sha256:21627b57249303bf9b5a633099d058ae9f8625fd6f90cfe79348c48fd5a242cd",
                "sha256:2e8e3242f80b79f2470f1b5979abbdb41f31b1333543b830749100342f837d40",
                "sha256:2eced06dec3f36135c626b9823649ef9cac95c5634d1bc743a15ee470027483b",
                "sha256:3472aa0b74a3b2f252dce823f3c3ba6af8a24de0c1729441deaaf50bed6de9f9",
                "sha256:3f0353ffefd3afc0061f4794ef608d6c6f32e69816885f4d45c625c20d8eaf5b",
                "sha256:4a9f4540a8eddf56d900ceeb8136bd0ca866c208ba3dcbcde73f07405dbadfba",
                "sha256:4eea1afb4aa89780734f44175508edff82928fdf460c9bd60bc719dd99041dc3",
                "sha256:5803ffebd36de1ada417f50ce65d379ea5a0bf1a2e8f5d5710a031b3b349b726",
                "sha256:58f5f72fc8e5932dedcf24789908a81c6b1e13ea4d63bd9a9a39dc698d8c3321",
                "sha256:5b588e5f251c76a8d3589023d1c369c7968e0efe2b38ad5948f665edbf6f9e8b",
                "sha256:5d922768fe11a58d80694852aba7389d613c15eb1871c5581a2f075996873d57",
                "sha256:5d98f297c5cdd5bc0ccf5697c20b03602ee3378c97938d20312662b27cd9a1d6",
                "sha256:66d1d96e97a562614943ecb9daf438e392b3d0b033bd5f4a8098ab616dd877da",
                "sha256:670650970c7ba7164cf6340bcd182e7e933eff5d65183af98ee77b40cc25a438",
                "sha256:67bb95af7bc8ad7925d299f310d15d556d3e7026fe1b60d8e290454604ae0a85",
                "sha256:9c999f5d1a600c4970ba293789b6da14e02e3763a8d3d9abe42dcafa8a5318e9",
                "sha256:9d62bef5347063a984e63410fa5a69f1d2cc2fdf8d6ed3d0b9d4ea2ccb4b4154",
                "sha256:a14a0d603727b6be2e549c52dd42678ab2d06d2721d4580199e3161843e59298",
                "sha256:a3a17b46ff1a15eb29370e11796d8914ef4ea67471bdbc4aa9a9eb9284f4e44c",
                "sha256:a6d3e20beeba3fd68cec73b8c0785bfa648c06ac76d1f142c60ccb1a8d2506b6",
                "sha256:ad7d7003c732f2be42580e3906e92bd9d2aca5e098898c597554be9ca627fad5",
                "sha256:af0ee7b50b85543b68b043e61271963ff5671e564e1d620a404c24a24d4f537c",
                "sha256:b3eec55274f5ead7e3af2bf0c01b481ffe1b4c6a7dae42b63d85543e9f2f9a0f",
                "sha256:b48c21d43a7ab956954591ce3f71db92ce542bb7428db09734425e2b77ac3142",
                "sha256:b761905ab85beb79cf7929c9a019f30ad65664e5733d57a30a995e7b9bef06d1",
                "sha256:bbae2f054d0f234c3382076efa337802997aca0f3f664e314f65eefb9d694fa9",
                "sha256:bd4157d0bc40fb72bb676fc745fdd648022cccaf4ccfbb291af7f48831d0d5d9",
                "sha256:bf74cfabf332034f42a54938eb335543cbf92790170300dbe236ba83b7601cd0",
                "sha256:c253c8571db2df3886e390a2bfbe917222953054f4643437373b824f64b013cd",
                "sha256:ce1277a6acbc62e9966f410f2596ac533ee0cd5df9b69d5fe4406338a169b7d8",
                "sha256:ce8f56987e0e456063e311f066a81496b8b9626c846f2cb0ebb554d1a5f40839",
                "sha256:d6264a0589ba8032d9c3bdca9a3e87a897ede09b7f6a8ad5e83b57573212e01e",
                "sha256:e6fa0c97e3929d00db27e8cf3b2b5771e94f5f179086c4b0e3213dff53637372",
                "sha256:f0930f2b6dddd477b3331ec670171a4662336aac1a778e1a30e980a5cbf40b17",
                "sha256:f8cb2b4b925ca6b6e4fdefd288a707776ac686c45034f34d4c952f122d11c40b",
                "sha256:f9b71539f518323d95850405c49c01fc3d2f0f0b9f3e157de6d2786804fb28a4",
                "sha256:fc488e661f99c915362e0373218f8727cecf888eb1b0eb3a8fe1af624a1b9776"
            ],
            "index": "pypi",
            "version": "==3.5.44"
        },
        "six": {
            "hashes": [
                "sha256:30639c035cdb23534cd4aa2dd52c3bf48f06e5f4a941509c8bafd8ce11080259",
                "sha256:8b74bedcbbbaca38ff6d7491d76f2b06b3592611af620f8426e82dddb04a5ced"
            ],
            "version": "==1.15.0"
        },
        "soupsieve": {
            "hashes": [
                "sha256:1634eea42ab371d3d346309b93df7870a88610f0725d47528be902a0d95ecc55",
                "sha256:a59dc181727e95d25f781f0eb4fd1825ff45590ec8ff49eadfd7f1a537cc0232"
            ],
            "version": "==2.0.1"
        },
        "sqlalchemy": {
            "hashes": [
                "sha256:0942a3a0df3f6131580eddd26d99071b48cfe5aaf3eab2783076fbc5a1c1882e",
                "sha256:0ec575db1b54909750332c2e335c2bb11257883914a03bc5a3306a4488ecc772",
                "sha256:109581ccc8915001e8037b73c29590e78ce74be49ca0a3630a23831f9e3ed6c7",
                "sha256:16593fd748944726540cd20f7e83afec816c2ac96b082e26ae226e8f7e9688cf",
                "sha256:427273b08efc16a85aa2b39892817e78e3ed074fcb89b2a51c4979bae7e7ba98",
                "sha256:50c4ee32f0e1581828843267d8de35c3298e86ceecd5e9017dc45788be70a864",
                "sha256:512a85c3c8c3995cc91af3e90f38f460da5d3cade8dc3a229c8e0879037547c9",
                "sha256:57aa843b783179ab72e863512e14bdcba186641daf69e4e3a5761d705dcc35b1",
                "sha256:621f58cd921cd71ba6215c42954ffaa8a918eecd8c535d97befa1a8acad986dd",
                "sha256:6ac2558631a81b85e7fb7a44e5035347938b0a73f5fdc27a8566777d0792a6a4",
                "sha256:716754d0b5490bdcf68e1e4925edc02ac07209883314ad01a137642ddb2056f1",
                "sha256:736d41cfebedecc6f159fc4ac0769dc89528a989471dc1d378ba07d29a60ba1c",
                "sha256:8619b86cb68b185a778635be5b3e6018623c0761dde4df2f112896424aa27bd8",
                "sha256:87fad64529cde4f1914a5b9c383628e1a8f9e3930304c09cf22c2ae118a1280e",
                "sha256:89494df7f93b1836cae210c42864b292f9b31eeabca4810193761990dc689cce",
                "sha256:8cac7bb373a5f1423e28de3fd5fc8063b9c8ffe8957dc1b1a59cb90453db6da1",
                "sha256:8fd452dc3d49b3cc54483e033de6c006c304432e6f84b74d7b2c68afa2569ae5",
                "sha256:adad60eea2c4c2a1875eb6305a0b6e61a83163f8e233586a4d6a55221ef984fe",
                "sha256:c26f95e7609b821b5f08a72dab929baa0d685406b953efd7c89423a511d5c413",
                "sha256:cbe1324ef52ff26ccde2cb84b8593c8bf930069dfc06c1e616f1bfd4e47f48a3",
                "sha256:d05c4adae06bd0c7f696ae3ec8d993ed8ffcc4e11a76b1b35a5af8a099bd2284",
                "sha256:d98bc827a1293ae767c8f2f18be3bb5151fd37ddcd7da2a5f9581baeeb7a3fa1",
                "sha256:da2fb75f64792c1fc64c82313a00c728a7c301efe6a60b7a9fe35b16b4368ce7",
                "sha256:e4624d7edb2576cd72bb83636cd71c8ce544d8e272f308bd80885056972ca299",
                "sha256:e89e0d9e106f8a9180a4ca92a6adde60c58b1b0299e1b43bd5e0312f535fbf33",
                "sha256:f11c2437fb5f812d020932119ba02d9e2bc29a6eca01a055233a8b449e3e1e7d",
                "sha256:f57be5673e12763dd400fea568608700a63ce1c6bd5bdbc3cc3a2c5fdb045274",
                "sha256:fc728ece3d5c772c196fd338a99798e7efac7a04f9cb6416299a3638ee9a94cd"
            ],
            "index": "pypi",
            "version": "==1.3.18"
        },
        "starlette": {
            "hashes": [
                "sha256:04fe51d86fd9a594d9b71356ed322ccde5c9b448fc716ac74155e5821a922f8d",
                "sha256:0fb4b38d22945b46acb880fedee7ee143fd6c0542992501be8c45c0ed737dd1a"
            ],
            "version": "==0.13.4"
        },
        "ujson": {
            "hashes": [
                "sha256:019a17e7162f26e264f1645bb41630f7103d178c092ea4bb8f3b16126c3ea210",
                "sha256:0379ffc7484b862a292e924c15ad5f1c5306d4271e2efd162144812afb08ff97",
                "sha256:0959a5b569e192459b492b007e3fd63d8f4b4bcb4f69dcddca850a9b9dfe3e7a",
                "sha256:0e2352b60c4ac4fc75b723435faf36ef5e7f3bfb988adb4d589b5e0e6e1d90aa",
                "sha256:0f33359908df32033195bfdd59ba2bfb90a23cb280ef9a0ba11e5013a53d7fd9",
                "sha256:154f778f0b028390067aaedce8399730d4f528a16a1c214fe4eeb9c4e4f51810",
                "sha256:3bd791d17a175c1c6566aeaec1755b58e3f021fe9bb62f10f02b656b299199f5",
                "sha256:634c206f4fb3be7e4523768c636d2dd41cb9c7130e2d219ef8305b8fb6f4838e",
                "sha256:670018d4ab4b0755a7234a9f4791723abcd0506c0eed33b2ed50579c4aff31f2",
                "sha256:9c68557da3e3ad57e0105aceba0cce5f8f7cd07d207c3860e59c0b3044532830",
                "sha256:a32f2def62b10e8a19084d17d40363c4da1ac5f52d300a9e99d7efb49fe5f34a",
                "sha256:bea2958c7b5bf4f191f0def751b6f7c8b208edb5f7277e21776329f2ca042385",
                "sha256:c04d253fec814657fd9f150ef2333dbd0bc6f46208355aa753a29e0696b7fa7e",
                "sha256:c841a6450d64c24c64cbcca429bab22cdb6daef5eaddfdfebe798a5e9e5aff4c",
                "sha256:e0199849d61cc6418f94d52a314c6a27524d65e82174d2a043fb718f73d1520d",
                "sha256:f40bb0d0cb534aad3e24884cf864bda7a71eb5984bd1da61d1711bbfb3be2c38",
                "sha256:f854702a9aff3a445f4a0b715d240f2a3d84014d8ae8aad05a982c7ffab12525"
            ],
            "index": "pypi",
            "version": "==3.0.0"
        }
    },
    "develop": {
        "astroid": {
            "hashes": [
                "sha256:2f4078c2a41bf377eea06d71c9d2ba4eb8f6b1af2135bec27bbbb7d8f12bb703",
                "sha256:bc58d83eb610252fd8de6363e39d4f1d0619c894b0ed24603b881c02e64c7386"
            ],
            "version": "==2.4.2"
        },
        "bandit": {
            "hashes": [
                "sha256:336620e220cf2d3115877685e264477ff9d9abaeb0afe3dc7264f55fa17a3952",
                "sha256:41e75315853507aa145d62a78a2a6c5e3240fe14ee7c601459d0df9418196065"
            ],
            "index": "pypi",
            "version": "==1.6.2"
        },
        "gitdb": {
            "hashes": [
                "sha256:91f36bfb1ab7949b3b40e23736db18231bf7593edada2ba5c3a174a7b23657ac",
                "sha256:c9e1f2d0db7ddb9a704c2a0217be31214e91a4fe1dea1efad19ae42ba0c285c9"
            ],
            "version": "==4.0.5"
        },
        "gitpython": {
            "hashes": [
                "sha256:e107af4d873daed64648b4f4beb89f89f0cfbe3ef558fc7821ed2331c2f8da1a",
                "sha256:ef1d60b01b5ce0040ad3ec20bc64f783362d41fa0822a2742d3586e1f49bb8ac"
            ],
            "version": "==3.1.3"
        },
        "isort": {
            "hashes": [
                "sha256:54da7e92468955c4fceacd0c86bd0ec997b0e1ee80d97f67c35a78b719dccab1",
                "sha256:6e811fcb295968434526407adb8796944f1988c5b65e8139058f2014cbe100fd"
            ],
            "version": "==4.3.21"
        },
        "lazy-object-proxy": {
            "hashes": [
                "sha256:0c4b206227a8097f05c4dbdd323c50edf81f15db3b8dc064d08c62d37e1a504d",
                "sha256:194d092e6f246b906e8f70884e620e459fc54db3259e60cf69a4d66c3fda3449",
                "sha256:1be7e4c9f96948003609aa6c974ae59830a6baecc5376c25c92d7d697e684c08",
                "sha256:4677f594e474c91da97f489fea5b7daa17b5517190899cf213697e48d3902f5a",
                "sha256:48dab84ebd4831077b150572aec802f303117c8cc5c871e182447281ebf3ac50",
                "sha256:5541cada25cd173702dbd99f8e22434105456314462326f06dba3e180f203dfd",
                "sha256:59f79fef100b09564bc2df42ea2d8d21a64fdcda64979c0fa3db7bdaabaf6239",
                "sha256:8d859b89baf8ef7f8bc6b00aa20316483d67f0b1cbf422f5b4dc56701c8f2ffb",
                "sha256:9254f4358b9b541e3441b007a0ea0764b9d056afdeafc1a5569eee1cc6c1b9ea",
                "sha256:9651375199045a358eb6741df3e02a651e0330be090b3bc79f6d0de31a80ec3e",
                "sha256:97bb5884f6f1cdce0099f86b907aa41c970c3c672ac8b9c8352789e103cf3156",
                "sha256:9b15f3f4c0f35727d3a0fba4b770b3c4ebbb1fa907dbcc046a1d2799f3edd142",
                "sha256:a2238e9d1bb71a56cd710611a1614d1194dc10a175c1e08d75e1a7bcc250d442",
                "sha256:a6ae12d08c0bf9909ce12385803a543bfe99b95fe01e752536a60af2b7797c62",
                "sha256:ca0a928a3ddbc5725be2dd1cf895ec0a254798915fb3a36af0964a0a4149e3db",
                "sha256:cb2c7c57005a6804ab66f106ceb8482da55f5314b7fcb06551db1edae4ad1531",
                "sha256:d74bb8693bf9cf75ac3b47a54d716bbb1a92648d5f781fc799347cfc95952383",
                "sha256:d945239a5639b3ff35b70a88c5f2f491913eb94871780ebfabb2568bd58afc5a",
                "sha256:eba7011090323c1dadf18b3b689845fd96a61ba0a1dfbd7f24b921398affc357",
                "sha256:efa1909120ce98bbb3777e8b6f92237f5d5c8ea6758efea36a473e1d38f7d3e4",
                "sha256:f3900e8a5de27447acbf900b4750b0ddfd7ec1ea7fbaf11dfa911141bc522af0"
            ],
            "version": "==1.4.3"
        },
        "mccabe": {
            "hashes": [
                "sha256:ab8a6258860da4b6677da4bd2fe5dc2c659cff31b3ee4f7f5d64e79735b80d42",
                "sha256:dd8d182285a0fe56bace7f45b5e7d1a6ebcbf524e8f3bd87eb0f125271b8831f"
            ],
            "version": "==0.6.1"
        },
        "pbr": {
            "hashes": [
                "sha256:07f558fece33b05caf857474a366dfcc00562bca13dd8b47b2b3e22d9f9bf55c",
                "sha256:579170e23f8e0c2f24b0de612f71f648eccb79fb1322c814ae6b3c07b5ba23e8"
            ],
            "version": "==5.4.5"
        },
        "pylint": {
            "hashes": [
                "sha256:7dd78437f2d8d019717dbf287772d0b2dbdfd13fc016aa7faa08d67bccc46adc",
                "sha256:d0ece7d223fe422088b0e8f13fa0a1e8eb745ebffcb8ed53d3e95394b6101a1c"
            ],
            "index": "pypi",
            "version": "==2.5.3"
        },
        "pyyaml": {
            "hashes": [
                "sha256:06a0d7ba600ce0b2d2fe2e78453a470b5a6e000a985dd4a4e54e436cc36b0e97",
                "sha256:240097ff019d7c70a4922b6869d8a86407758333f02203e0fc6ff79c5dcede76",
                "sha256:4f4b913ca1a7319b33cfb1369e91e50354d6f07a135f3b901aca02aa95940bd2",
                "sha256:69f00dca373f240f842b2931fb2c7e14ddbacd1397d57157a9b005a6a9942648",
                "sha256:73f099454b799e05e5ab51423c7bcf361c58d3206fa7b0d555426b1f4d9a3eaf",
                "sha256:74809a57b329d6cc0fdccee6318f44b9b8649961fa73144a98735b0aaf029f1f",
                "sha256:7739fc0fa8205b3ee8808aea45e968bc90082c10aef6ea95e855e10abf4a37b2",
                "sha256:95f71d2af0ff4227885f7a6605c37fd53d3a106fcab511b8860ecca9fcf400ee",
                "sha256:b8eac752c5e14d3eca0e6dd9199cd627518cb5ec06add0de9d32baeee6fe645d",
                "sha256:cc8955cfbfc7a115fa81d85284ee61147059a753344bc51098f3ccd69b0d7e0c",
                "sha256:d13155f591e6fcc1ec3b30685d50bf0711574e2c0dfffd7644babf8b5102ca1a"
            ],
            "version": "==5.3.1"
        },
        "six": {
            "hashes": [
                "sha256:30639c035cdb23534cd4aa2dd52c3bf48f06e5f4a941509c8bafd8ce11080259",
                "sha256:8b74bedcbbbaca38ff6d7491d76f2b06b3592611af620f8426e82dddb04a5ced"
            ],
            "version": "==1.15.0"
        },
        "smmap": {
            "hashes": [
                "sha256:54c44c197c819d5ef1991799a7e30b662d1e520f2ac75c9efbeb54a742214cf4",
                "sha256:9c98bbd1f9786d22f14b3d4126894d56befb835ec90cef151af566c7e19b5d24"
            ],
            "version": "==3.0.4"
        },
        "stevedore": {
            "hashes": [
                "sha256:609912b87df5ad338ff8e44d13eaad4f4170a65b79ae9cb0aa5632598994a1b7",
                "sha256:c4724f8d7b8f6be42130663855d01a9c2414d6046055b5a65ab58a0e38637688"
            ],
            "version": "==2.0.1"
        },
        "toml": {
            "hashes": [
                "sha256:926b612be1e5ce0634a2ca03470f95169cf16f939018233a670519cb4ac58b0f",
                "sha256:bda89d5935c2eac546d648028b9901107a595863cb36bae0c73ac804a9b4ce88"
            ],
            "version": "==0.10.1"
        },
        "wrapt": {
            "hashes": [
                "sha256:b62ffa81fb85f4332a4f609cab4ac40709470da05643a082ec1eb88e6d9b97d7"
            ],
            "version": "==1.12.1"
        }
    }
}
